
Microsoft Visual Studio Solution File, Format Version 12.00
# Visual Studio Version 17
VisualStudioVersion = 17.7.34009.444
MinimumVisualStudioVersion = 10.0.40219.1
Project("{FAE04EC0-301F-11D3-BF4B-00C04F79EFBC}") = "FoodOrderingForm", "FoodOrderingForm\FoodOrderingForm.csproj", "{5DCAD1FA-1C92-42D6-8622-87C1BA039A06}"
EndProject
Global
	GlobalSection(SolutionConfigurationPlatforms) = preSolution
		Debug|Any CPU = Debug|Any CPU
		Release|Any CPU = Release|Any CPU
	EndGlobalSection
	GlobalSection(ProjectConfigurationPlatforms) = postSolution
		{5DCAD1FA-1C92-42D6-8622-87C1BA039A06}.Debug|Any CPU.ActiveCfg = Debug|Any CPU
		{5DCAD1FA-1C92-42D6-8622-87C1BA039A06}.Debug|Any CPU.Build.0 = Debug|Any CPU
		{5DCAD1FA-1C92-42D6-8622-87C1BA039A06}.Release|Any CPU.ActiveCfg = Release|Any CPU
		{5DCAD1FA-1C92-42D6-8622-87C1BA039A06}.Release|Any CPU.Build.0 = Release|Any CPU
	EndGlobalSection
	GlobalSection(SolutionProperties) = preSolution
		HideSolutionNode = FALSE
	EndGlobalSection
	GlobalSection(ExtensibilityGlobals) = postSolution
		SolutionGuid = {4FABF3CF-04CE-4BCB-AF3B-DE70CC9309B9}
	EndGlobalSection
EndGlobal
